
Microsoft Visual Studio Solution File, Format Version 12.00
# Visual Studio Version 16
VisualStudioVersion = 16.0.29709.97
MinimumVisualStudioVersion = 10.0.40219.1
Project("{FAE04EC0-301F-11D3-BF4B-00C04F79EFBC}") = "Team103", "Team103\Team103.csproj", "{9DAEC257-37F5-4347-9A3E-08A53A4C5C68}"
EndProject
Global
	GlobalSection(SolutionConfigurationPlatforms) = preSolution
		Debug|Any CPU = Debug|Any CPU
		Release|Any CPU = Release|Any CPU
	EndGlobalSection
	GlobalSection(ProjectConfigurationPlatforms) = postSolution
		{9DAEC257-37F5-4347-9A3E-08A53A4C5C68}.Debug|Any CPU.ActiveCfg = Debug|Any CPU
		{9DAEC257-37F5-4347-9A3E-08A53A4C5C68}.Debug|Any CPU.Build.0 = Debug|Any CPU
		{9DAEC257-37F5-4347-9A3E-08A53A4C5C68}.Release|Any CPU.ActiveCfg = Release|Any CPU
		{9DAEC257-37F5-4347-9A3E-08A53A4C5C68}.Release|Any CPU.Build.0 = Release|Any CPU
	EndGlobalSection
	GlobalSection(SolutionProperties) = preSolution
		HideSolutionNode = FALSE
	EndGlobalSection
	GlobalSection(ExtensibilityGlobals) = postSolution
		SolutionGuid = {7EE51566-4300-4026-9391-774C5E8D0570}
	EndGlobalSection
EndGlobal
